{
  "requires": true,
  "lockfileVersion": 1,
  "dependencies": {
    "@fortawesome/fontawesome-pro": {
      "version": "5.8.1",
      "resolved": "https://npm.fontawesome.com/@fortawesome/fontawesome-pro/-/fontawesome-pro-5.8.1.tgz",
      "integrity": "sha512-o9DsmAMuGG1gQrDfk0yvbdNdtGlNyBH8qV7WnH/0NnUyecnm++KY+RwqVxpfT9nmyZYew51RVWJsUhIUGI/X7A==",
      "dev": true
    },
    "animatescroll.js": {
      "version": "1.0.7",
      "resolved": "https://registry.npmjs.org/animatescroll.js/-/animatescroll.js-1.0.7.tgz",
      "integrity": "sha1-cnKBjKqv8Uz6GVT/7Zo0qDE49S0=",
      "requires": {
        "jquery": ">=1.5"
      }
    },
    "bootstrap": {
      "version": "3.4.1",
      "resolved": "https://registry.npmjs.org/bootstrap/-/bootstrap-3.4.1.tgz",
      "integrity": "sha512-yN5oZVmRCwe5aKwzRj6736nSmKDX7pLYwsXiCj/EYmo16hODaBiT4En5btW/jhBF/seV+XMx3aYwukYC3A49DA=="
    },
    "jquery": {
      "version": "3.4.0",
      "resolved": "https://registry.npmjs.org/jquery/-/jquery-3.4.0.tgz",
      "integrity": "sha512-ggRCXln9zEqv6OqAGXFEcshF5dSBvCkzj6Gm2gzuR5fWawaX8t7cxKVkkygKODrDAzKdoYw3l/e3pm3vlT4IbQ=="
    }
  }
}
