# THIS IS AN AUTOGENERATED FILE. DO NOT EDIT THIS FILE DIRECTLY.
# yarn lockfile v1


"@fortawesome/fontawesome-pro@^5.8.1":
  version "5.8.1"
  resolved "https://npm.fontawesome.com/@fortawesome/fontawesome-pro/-/fontawesome-pro-5.8.1.tgz#a676c70df0ea7968457cd338ba19d360d8b037d2"
  integrity sha512-o9DsmAMuGG1gQrDfk0yvbdNdtGlNyBH8qV7WnH/0NnUyecnm++KY+RwqVxpfT9nmyZYew51RVWJsUhIUGI/X7A==
